
Microsoft Visual Studio Solution File, Format Version 12.00
# Visual Studio Version 17
VisualStudioVersion = 17.6.33815.320
MinimumVisualStudioVersion = 10.0.40219.1
Project("{FAE04EC0-301F-11D3-BF4B-00C04F79EFBC}") = "ConsoleAppWrokingWithfiles", "ConsoleAppWrokingWithfiles\ConsoleAppWrokingWithfiles.csproj", "{B8CC8288-5279-4F1A-A105-15679CCFB4B4}"
EndProject
Global
	GlobalSection(SolutionConfigurationPlatforms) = preSolution
		Debug|Any CPU = Debug|Any CPU
		Release|Any CPU = Release|Any CPU
	EndGlobalSection
	GlobalSection(ProjectConfigurationPlatforms) = postSolution
		{B8CC8288-5279-4F1A-A105-15679CCFB4B4}.Debug|Any CPU.ActiveCfg = Debug|Any CPU
		{B8CC8288-5279-4F1A-A105-15679CCFB4B4}.Debug|Any CPU.Build.0 = Debug|Any CPU
		{B8CC8288-5279-4F1A-A105-15679CCFB4B4}.Release|Any CPU.ActiveCfg = Release|Any CPU
		{B8CC8288-5279-4F1A-A105-15679CCFB4B4}.Release|Any CPU.Build.0 = Release|Any CPU
	EndGlobalSection
	GlobalSection(SolutionProperties) = preSolution
		HideSolutionNode = FALSE
	EndGlobalSection
	GlobalSection(ExtensibilityGlobals) = postSolution
		SolutionGuid = {484F231B-F8BC-4F98-A0C4-DC96E2205BAA}
	EndGlobalSection
EndGlobal
